// !$*UTF8*$!
{
	archiveVersion = 1;
	classes = {
	};
	objectVersion = 50;
	objects = {

/* Begin PBXBuildFile section */
		D315D10026860E0700A94D4B /* SwiftUIView.swift in Sources */ = {isa = PBXBuildFile; fileRef = D315D0FF26860E0700A94D4B /* SwiftUIView.swift */; };
		D315D1032687839B00A94D4B /* UserConfig.swift in Sources */ = {isa = PBXBuildFile; fileRef = D315D1022687839B00A94D4B /* UserConfig.swift */; };
		D315D1062687853000A94D4B /* Ledger.swift in Sources */ = {isa = PBXBuildFile; fileRef = D315D1052687853000A94D4B /* Ledger.swift */; };
		D329FB5A266CAF64007817E3 /* ScrollView+PreferenceKey.swift in Sources */ = {isa = PBXBuildFile; fileRef = D329FB59266CAF64007817E3 /* ScrollView+PreferenceKey.swift */; };
		D3461F8F26677E0A00FF9847 /* AddBillView.swift in Sources */ = {isa = PBXBuildFile; fileRef = D3461F8E26677E0A00FF9847 /* AddBillView.swift */; };
		D35E73DA268378220023F06E /* LedgerSelectView.swift in Sources */ = {isa = PBXBuildFile; fileRef = D35E73D9268378220023F06E /* LedgerSelectView.swift */; };
		D35E73DE268381B70023F06E /* Alert+TextField.swift in Sources */ = {isa = PBXBuildFile; fileRef = D35E73DD268381B70023F06E /* Alert+TextField.swift */; };
		D3884398267830D1007C5F9D /* AccountView.swift in Sources */ = {isa = PBXBuildFile; fileRef = D3884397267830D1007C5F9D /* AccountView.swift */; };
		D38843A026783492007C5F9D /* BillConfig.swift in Sources */ = {isa = PBXBuildFile; fileRef = D388439F26783492007C5F9D /* BillConfig.swift */; };
		D38843A426783498007C5F9D /* User.swift in Sources */ = {isa = PBXBuildFile; fileRef = D38843A326783498007C5F9D /* User.swift */; };
		D38843A72678380D007C5F9D /* FrostedGlassView.swift in Sources */ = {isa = PBXBuildFile; fileRef = D38843A62678380D007C5F9D /* FrostedGlassView.swift */; };
		D3A9E315265F4E5200372776 /* EntryView.swift in Sources */ = {isa = PBXBuildFile; fileRef = D3A9E314265F4E5200372776 /* EntryView.swift */; };
		D3BB39802664D93300E0BF4D /* BillCurveView.swift in Sources */ = {isa = PBXBuildFile; fileRef = D3BB397F2664D93300E0BF4D /* BillCurveView.swift */; };
		D3BB39872664E9A700E0BF4D /* DateExtension.swift in Sources */ = {isa = PBXBuildFile; fileRef = D3BB39862664E9A700E0BF4D /* DateExtension.swift */; };
		D3BB398E2665049100E0BF4D /* testdata.txt in Resources */ = {isa = PBXBuildFile; fileRef = D3BB398D2665049100E0BF4D /* testdata.txt */; };
		D3BB399D26661C5D00E0BF4D /* StatisticView.swift in Sources */ = {isa = PBXBuildFile; fileRef = D3BB399C26661C5D00E0BF4D /* StatisticView.swift */; };
		D3BB39D12666238900E0BF4D /* LineChart.swift in Sources */ = {isa = PBXBuildFile; fileRef = D3BB39BC2666238900E0BF4D /* LineChart.swift */; };
		D3BB39D22666238900E0BF4D /* BarChartView.swift in Sources */ = {isa = PBXBuildFile; fileRef = D3BB39BE2666238900E0BF4D /* BarChartView.swift */; };
		D3BB39D32666238900E0BF4D /* BarChartRow.swift in Sources */ = {isa = PBXBuildFile; fileRef = D3BB39BF2666238900E0BF4D /* BarChartRow.swift */; };
		D3BB39D42666238900E0BF4D /* LabelView.swift in Sources */ = {isa = PBXBuildFile; fileRef = D3BB39C02666238900E0BF4D /* LabelView.swift */; };
		D3BB39D52666238900E0BF4D /* BarChartCell.swift in Sources */ = {isa = PBXBuildFile; fileRef = D3BB39C12666238900E0BF4D /* BarChartCell.swift */; };
		D3BB39D62666238900E0BF4D /* Helpers.swift in Sources */ = {isa = PBXBuildFile; fileRef = D3BB39C22666238900E0BF4D /* Helpers.swift */; };
		D3BB39D72666238900E0BF4D /* PieChartRow.swift in Sources */ = {isa = PBXBuildFile; fileRef = D3BB39C42666238900E0BF4D /* PieChartRow.swift */; };
		D3BB39D82666238900E0BF4D /* PieChartHelpers.swift in Sources */ = {isa = PBXBuildFile; fileRef = D3BB39C52666238900E0BF4D /* PieChartHelpers.swift */; };
		D3BB39D92666238900E0BF4D /* PieChartCell.swift in Sources */ = {isa = PBXBuildFile; fileRef = D3BB39C62666238900E0BF4D /* PieChartCell.swift */; };
		D3BB39DA2666238900E0BF4D /* PieChartView.swift in Sources */ = {isa = PBXBuildFile; fileRef = D3BB39C72666238900E0BF4D /* PieChartView.swift */; };
		D3BB39DB2666238900E0BF4D /* IndicatorPoint.swift in Sources */ = {isa = PBXBuildFile; fileRef = D3BB39C92666238900E0BF4D /* IndicatorPoint.swift */; };
		D3BB39DC2666238900E0BF4D /* LineView.swift in Sources */ = {isa = PBXBuildFile; fileRef = D3BB39CA2666238900E0BF4D /* LineView.swift */; };
		D3BB39DD2666238900E0BF4D /* Legend.swift in Sources */ = {isa = PBXBuildFile; fileRef = D3BB39CB2666238900E0BF4D /* Legend.swift */; };
		D3BB39DE2666238900E0BF4D /* LineChartView.swift in Sources */ = {isa = PBXBuildFile; fileRef = D3BB39CC2666238900E0BF4D /* LineChartView.swift */; };
		D3BB39DF2666238900E0BF4D /* MagnifierRect.swift in Sources */ = {isa = PBXBuildFile; fileRef = D3BB39CD2666238900E0BF4D /* MagnifierRect.swift */; };
		D3BB39E02666238900E0BF4D /* Path+QuadCurve.swift in Sources */ = {isa = PBXBuildFile; fileRef = D3BB39CE2666238900E0BF4D /* Path+QuadCurve.swift */; };
		D3BB39E12666238900E0BF4D /* MultiLineChartView.swift in Sources */ = {isa = PBXBuildFile; fileRef = D3BB39CF2666238900E0BF4D /* MultiLineChartView.swift */; };
		D3BB39E22666238900E0BF4D /* Line.swift in Sources */ = {isa = PBXBuildFile; fileRef = D3BB39D02666238900E0BF4D /* Line.swift */; };
		D3BB39E72666246F00E0BF4D /* iColor.swift in Sources */ = {isa = PBXBuildFile; fileRef = D3BB39E62666246F00E0BF4D /* iColor.swift */; };
		D3E37A17265F431500E751F9 /* TakeItApp.swift in Sources */ = {isa = PBXBuildFile; fileRef = D3E37A16265F431500E751F9 /* TakeItApp.swift */; };
		D3E37A1B265F431700E751F9 /* Assets.xcassets in Resources */ = {isa = PBXBuildFile; fileRef = D3E37A1A265F431700E751F9 /* Assets.xcassets */; };
		D3E37A1E265F431700E751F9 /* Preview Assets.xcassets in Resources */ = {isa = PBXBuildFile; fileRef = D3E37A1D265F431700E751F9 /* Preview Assets.xcassets */; };
		D3E37A42265F438C00E751F9 /* DataStorage.swift in Sources */ = {isa = PBXBuildFile; fileRef = D3E37A41265F438C00E751F9 /* DataStorage.swift */; };
		D3E37A45265F439E00E751F9 /* log.swift in Sources */ = {isa = PBXBuildFile; fileRef = D3E37A44265F439E00E751F9 /* log.swift */; };
		D3E37A49265F43DF00E751F9 /* Storage.swift in Sources */ = {isa = PBXBuildFile; fileRef = D3E37A48265F43DF00E751F9 /* Storage.swift */; };
		D3E37A4E265F443100E751F9 /* HomeView.swift in Sources */ = {isa = PBXBuildFile; fileRef = D3E37A4D265F443100E751F9 /* HomeView.swift */; };
		D3E37A51265F444800E751F9 /* LoginView.swift in Sources */ = {isa = PBXBuildFile; fileRef = D3E37A50265F444800E751F9 /* LoginView.swift */; };
		D3E4930E2664AC6900C52F53 /* Bill.swift in Sources */ = {isa = PBXBuildFile; fileRef = D3E4930D2664AC6900C52F53 /* Bill.swift */; };
		D3F1DD982671C00700DDA4F8 /* CategoryEditView.swift in Sources */ = {isa = PBXBuildFile; fileRef = D3F1DD972671C00700DDA4F8 /* CategoryEditView.swift */; };
		D3F1DD9C2671ED4300DDA4F8 /* BlurView.swift in Sources */ = {isa = PBXBuildFile; fileRef = D3F1DD9B2671ED4300DDA4F8 /* BlurView.swift */; };
/* End PBXBuildFile section */

/* Begin PBXFileReference section */
		D315D0FF26860E0700A94D4B /* SwiftUIView.swift */ = {isa = PBXFileReference; lastKnownFileType = sourcecode.swift; path = SwiftUIView.swift; sourceTree = "<group>"; };
		D315D1022687839B00A94D4B /* UserConfig.swift */ = {isa = PBXFileReference; lastKnownFileType = sourcecode.swift; path = UserConfig.swift; sourceTree = "<group>"; };
		D315D1052687853000A94D4B /* Ledger.swift */ = {isa = PBXFileReference; lastKnownFileType = sourcecode.swift; path = Ledger.swift; sourceTree = "<group>"; };
		D329FB59266CAF64007817E3 /* ScrollView+PreferenceKey.swift */ = {isa = PBXFileReference; lastKnownFileType = sourcecode.swift; path = "ScrollView+PreferenceKey.swift"; sourceTree = "<group>"; };
		D3461F8E26677E0A00FF9847 /* AddBillView.swift */ = {isa = PBXFileReference; lastKnownFileType = sourcecode.swift; path = AddBillView.swift; sourceTree = "<group>"; };
		D35E73D9268378220023F06E /* LedgerSelectView.swift */ = {isa = PBXFileReference; lastKnownFileType = sourcecode.swift; path = LedgerSelectView.swift; sourceTree = "<group>"; };
		D35E73DD268381B70023F06E /* Alert+TextField.swift */ = {isa = PBXFileReference; lastKnownFileType = sourcecode.swift; path = "Alert+TextField.swift"; sourceTree = "<group>"; };
		D3884397267830D1007C5F9D /* AccountView.swift */ = {isa = PBXFileReference; lastKnownFileType = sourcecode.swift; path = AccountView.swift; sourceTree = "<group>"; };
		D388439F26783492007C5F9D /* BillConfig.swift */ = {isa = PBXFileReference; lastKnownFileType = sourcecode.swift; path = BillConfig.swift; sourceTree = "<group>"; };
		D38843A326783498007C5F9D /* User.swift */ = {isa = PBXFileReference; lastKnownFileType = sourcecode.swift; path = User.swift; sourceTree = "<group>"; };
		D38843A62678380D007C5F9D /* FrostedGlassView.swift */ = {isa = PBXFileReference; lastKnownFileType = sourcecode.swift; path = FrostedGlassView.swift; sourceTree = "<group>"; };
		D3A9E314265F4E5200372776 /* EntryView.swift */ = {isa = PBXFileReference; lastKnownFileType = sourcecode.swift; path = EntryView.swift; sourceTree = "<group>"; };
		D3BB397F2664D93300E0BF4D /* BillCurveView.swift */ = {isa = PBXFileReference; lastKnownFileType = sourcecode.swift; path = BillCurveView.swift; sourceTree = "<group>"; };
		D3BB39862664E9A700E0BF4D /* DateExtension.swift */ = {isa = PBXFileReference; lastKnownFileType = sourcecode.swift; path = DateExtension.swift; sourceTree = "<group>"; };
		D3BB398D2665049100E0BF4D /* testdata.txt */ = {isa = PBXFileReference; fileEncoding = 4; lastKnownFileType = text; path = testdata.txt; sourceTree = "<group>"; };
		D3BB399C26661C5D00E0BF4D /* StatisticView.swift */ = {isa = PBXFileReference; lastKnownFileType = sourcecode.swift; path = StatisticView.swift; sourceTree = "<group>"; };
		D3BB39BC2666238900E0BF4D /* LineChart.swift */ = {isa = PBXFileReference; fileEncoding = 4; lastKnownFileType = sourcecode.swift; path = LineChart.swift; sourceTree = "<group>"; };
		D3BB39BE2666238900E0BF4D /* BarChartView.swift */ = {isa = PBXFileReference; fileEncoding = 4; lastKnownFileType = sourcecode.swift; path = BarChartView.swift; sourceTree = "<group>"; };
		D3BB39BF2666238900E0BF4D /* BarChartRow.swift */ = {isa = PBXFileReference; fileEncoding = 4; lastKnownFileType = sourcecode.swift; path = BarChartRow.swift; sourceTree = "<group>"; };
		D3BB39C02666238900E0BF4D /* LabelView.swift */ = {isa = PBXFileReference; fileEncoding = 4; lastKnownFileType = sourcecode.swift; path = LabelView.swift; sourceTree = "<group>"; };
		D3BB39C12666238900E0BF4D /* BarChartCell.swift */ = {isa = PBXFileReference; fileEncoding = 4; lastKnownFileType = sourcecode.swift; path = BarChartCell.swift; sourceTree = "<group>"; };
		D3BB39C22666238900E0BF4D /* Helpers.swift */ = {isa = PBXFileReference; fileEncoding = 4; lastKnownFileType = sourcecode.swift; path = Helpers.swift; sourceTree = "<group>"; };
		D3BB39C42666238900E0BF4D /* PieChartRow.swift */ = {isa = PBXFileReference; fileEncoding = 4; lastKnownFileType = sourcecode.swift; path = PieChartRow.swift; sourceTree = "<group>"; };
		D3BB39C52666238900E0BF4D /* PieChartHelpers.swift */ = {isa = PBXFileReference; fileEncoding = 4; lastKnownFileType = sourcecode.swift; path = PieChartHelpers.swift; sourceTree = "<group>"; };
		D3BB39C62666238900E0BF4D /* PieChartCell.swift */ = {isa = PBXFileReference; fileEncoding = 4; lastKnownFileType = sourcecode.swift; path = PieChartCell.swift; sourceTree = "<group>"; };
		D3BB39C72666238900E0BF4D /* PieChartView.swift */ = {isa = PBXFileReference; fileEncoding = 4; lastKnownFileType = sourcecode.swift; path = PieChartView.swift; sourceTree = "<group>"; };
		D3BB39C92666238900E0BF4D /* IndicatorPoint.swift */ = {isa = PBXFileReference; fileEncoding = 4; lastKnownFileType = sourcecode.swift; path = IndicatorPoint.swift; sourceTree = "<group>"; };
		D3BB39CA2666238900E0BF4D /* LineView.swift */ = {isa = PBXFileReference; fileEncoding = 4; lastKnownFileType = sourcecode.swift; path = LineView.swift; sourceTree = "<group>"; };
		D3BB39CB2666238900E0BF4D /* Legend.swift */ = {isa = PBXFileReference; fileEncoding = 4; lastKnownFileType = sourcecode.swift; path = Legend.swift; sourceTree = "<group>"; };
		D3BB39CC2666238900E0BF4D /* LineChartView.swift */ = {isa = PBXFileReference; fileEncoding = 4; lastKnownFileType = sourcecode.swift; path = LineChartView.swift; sourceTree = "<group>"; };
		D3BB39CD2666238900E0BF4D /* MagnifierRect.swift */ = {isa = PBXFileReference; fileEncoding = 4; lastKnownFileType = sourcecode.swift; path = MagnifierRect.swift; sourceTree = "<group>"; };
		D3BB39CE2666238900E0BF4D /* Path+QuadCurve.swift */ = {isa = PBXFileReference; fileEncoding = 4; lastKnownFileType = sourcecode.swift; path = "Path+QuadCurve.swift"; sourceTree = "<group>"; };
		D3BB39CF2666238900E0BF4D /* MultiLineChartView.swift */ = {isa = PBXFileReference; fileEncoding = 4; lastKnownFileType = sourcecode.swift; path = MultiLineChartView.swift; sourceTree = "<group>"; };
		D3BB39D02666238900E0BF4D /* Line.swift */ = {isa = PBXFileReference; fileEncoding = 4; lastKnownFileType = sourcecode.swift; path = Line.swift; sourceTree = "<group>"; };
		D3BB39E62666246F00E0BF4D /* iColor.swift */ = {isa = PBXFileReference; fileEncoding = 4; lastKnownFileType = sourcecode.swift; path = iColor.swift; sourceTree = "<group>"; };
		D3E37A13265F431500E751F9 /* TakeIt.app */ = {isa = PBXFileReference; explicitFileType = wrapper.application; includeInIndex = 0; path = TakeIt.app; sourceTree = BUILT_PRODUCTS_DIR; };
		D3E37A16265F431500E751F9 /* TakeItApp.swift */ = {isa = PBXFileReference; lastKnownFileType = sourcecode.swift; path = TakeItApp.swift; sourceTree = "<group>"; };
		D3E37A1A265F431700E751F9 /* Assets.xcassets */ = {isa = PBXFileReference; lastKnownFileType = folder.assetcatalog; path = Assets.xcassets; sourceTree = "<group>"; };
		D3E37A1D265F431700E751F9 /* Preview Assets.xcassets */ = {isa = PBXFileReference; lastKnownFileType = folder.assetcatalog; path = "Preview Assets.xcassets"; sourceTree = "<group>"; };
		D3E37A1F265F431700E751F9 /* Info.plist */ = {isa = PBXFileReference; lastKnownFileType = text.plist.xml; path = Info.plist; sourceTree = "<group>"; };
		D3E37A41265F438C00E751F9 /* DataStorage.swift */ = {isa = PBXFileReference; lastKnownFileType = sourcecode.swift; path = DataStorage.swift; sourceTree = "<group>"; };
		D3E37A44265F439E00E751F9 /* log.swift */ = {isa = PBXFileReference; lastKnownFileType = sourcecode.swift; path = log.swift; sourceTree = "<group>"; };
		D3E37A48265F43DF00E751F9 /* Storage.swift */ = {isa = PBXFileReference; lastKnownFileType = sourcecode.swift; path = Storage.swift; sourceTree = "<group>"; };
		D3E37A4D265F443100E751F9 /* HomeView.swift */ = {isa = PBXFileReference; lastKnownFileType = sourcecode.swift; path = HomeView.swift; sourceTree = "<group>"; };
		D3E37A50265F444800E751F9 /* LoginView.swift */ = {isa = PBXFileReference; lastKnownFileType = sourcecode.swift; path = LoginView.swift; sourceTree = "<group>"; };
		D3E4930D2664AC6900C52F53 /* Bill.swift */ = {isa = PBXFileReference; lastKnownFileType = sourcecode.swift; path = Bill.swift; sourceTree = "<group>"; };
		D3F1DD972671C00700DDA4F8 /* CategoryEditView.swift */ = {isa = PBXFileReference; lastKnownFileType = sourcecode.swift; path = CategoryEditView.swift; sourceTree = "<group>"; };
		D3F1DD9B2671ED4300DDA4F8 /* BlurView.swift */ = {isa = PBXFileReference; lastKnownFileType = sourcecode.swift; path = BlurView.swift; sourceTree = "<group>"; };
/* End PBXFileReference section */

/* Begin PBXFrameworksBuildPhase section */
		D3E37A10265F431500E751F9 /* Frameworks */ = {
			isa = PBXFrameworksBuildPhase;
			buildActionMask = 2147483647;
			files = (
			);
			runOnlyForDeploymentPostprocessing = 0;
		};
/* End PBXFrameworksBuildPhase section */

/* Begin PBXGroup section */
		D388439A26783475007C5F9D /* Entry */ = {
			isa = PBXGroup;
			children = (
				D388439E2678348A007C5F9D /* Model */,
				D388439D26783485007C5F9D /* Controller */,
				D388439C26783481007C5F9D /* View */,
			);
			path = Entry;
			sourceTree = "<group>";
		};
		D388439C26783481007C5F9D /* View */ = {
			isa = PBXGroup;
			children = (
			);
			path = View;
			sourceTree = "<group>";
		};
		D388439D26783485007C5F9D /* Controller */ = {
			isa = PBXGroup;
			children = (
				D3A9E314265F4E5200372776 /* EntryView.swift */,
			);
			path = Controller;
			sourceTree = "<group>";
		};
		D388439E2678348A007C5F9D /* Model */ = {
			isa = PBXGroup;
			children = (
				D388439F26783492007C5F9D /* BillConfig.swift */,
				D315D1022687839B00A94D4B /* UserConfig.swift */,
				D38843A326783498007C5F9D /* User.swift */,
				D315D1052687853000A94D4B /* Ledger.swift */,
			);
			path = Model;
			sourceTree = "<group>";
		};
		D3BB399726661C3B00E0BF4D /* Statistic */ = {
			isa = PBXGroup;
			children = (
				D3BB399B26661C5000E0BF4D /* Controller */,
				D3BB399A26661C4D00E0BF4D /* View */,
				D3BB399926661C4900E0BF4D /* Model */,
			);
			path = Statistic;
			sourceTree = "<group>";
		};
		D3BB399926661C4900E0BF4D /* Model */ = {
			isa = PBXGroup;
			children = (
			);
			path = Model;
			sourceTree = "<group>";
		};
		D3BB399A26661C4D00E0BF4D /* View */ = {
			isa = PBXGroup;
			children = (
				D3461F8E26677E0A00FF9847 /* AddBillView.swift */,
				D3F1DD972671C00700DDA4F8 /* CategoryEditView.swift */,
				D329FB59266CAF64007817E3 /* ScrollView+PreferenceKey.swift */,
				D3F1DD9B2671ED4300DDA4F8 /* BlurView.swift */,
			);
			path = View;
			sourceTree = "<group>";
		};
		D3BB399B26661C5000E0BF4D /* Controller */ = {
			isa = PBXGroup;
			children = (
				D3BB399C26661C5D00E0BF4D /* StatisticView.swift */,
			);
			path = Controller;
			sourceTree = "<group>";
		};
		D3BB39BA2666238900E0BF4D /* iLineChart */ = {
			isa = PBXGroup;
			children = (
				D3BB39BB2666238900E0BF4D /* Wrappers */,
				D3BB39BD2666238900E0BF4D /* BarChart */,
				D3BB39C22666238900E0BF4D /* Helpers.swift */,
				D3BB39C32666238900E0BF4D /* PieChart */,
				D3BB39C82666238900E0BF4D /* iLineChart */,
			);
			path = iLineChart;
			sourceTree = "<group>";
		};
		D3BB39BB2666238900E0BF4D /* Wrappers */ = {
			isa = PBXGroup;
			children = (
				D3BB39BC2666238900E0BF4D /* LineChart.swift */,
			);
			path = Wrappers;
			sourceTree = "<group>";
		};
		D3BB39BD2666238900E0BF4D /* BarChart */ = {
			isa = PBXGroup;
			children = (
				D3BB39BE2666238900E0BF4D /* BarChartView.swift */,
				D3BB39BF2666238900E0BF4D /* BarChartRow.swift */,
				D3BB39C02666238900E0BF4D /* LabelView.swift */,
				D3BB39C12666238900E0BF4D /* BarChartCell.swift */,
			);
			path = BarChart;
			sourceTree = "<group>";
		};
		D3BB39C32666238900E0BF4D /* PieChart */ = {
			isa = PBXGroup;
			children = (
				D3BB39C42666238900E0BF4D /* PieChartRow.swift */,
				D3BB39C52666238900E0BF4D /* PieChartHelpers.swift */,
				D3BB39C62666238900E0BF4D /* PieChartCell.swift */,
				D3BB39C72666238900E0BF4D /* PieChartView.swift */,
			);
			path = PieChart;
			sourceTree = "<group>";
		};
		D3BB39C82666238900E0BF4D /* iLineChart */ = {
			isa = PBXGroup;
			children = (
				D3BB39C92666238900E0BF4D /* IndicatorPoint.swift */,
				D3BB39CA2666238900E0BF4D /* LineView.swift */,
				D3BB39CB2666238900E0BF4D /* Legend.swift */,
				D3BB39CC2666238900E0BF4D /* LineChartView.swift */,
				D3BB39CD2666238900E0BF4D /* MagnifierRect.swift */,
				D3BB39CE2666238900E0BF4D /* Path+QuadCurve.swift */,
				D3BB39CF2666238900E0BF4D /* MultiLineChartView.swift */,
				D3BB39D02666238900E0BF4D /* Line.swift */,
			);
			path = iLineChart;
			sourceTree = "<group>";
		};
		D3BB39E52666246F00E0BF4D /* iColor */ = {
			isa = PBXGroup;
			children = (
				D3BB39E62666246F00E0BF4D /* iColor.swift */,
			);
			path = iColor;
			sourceTree = "<group>";
		};
		D3E37A0A265F431500E751F9 = {
			isa = PBXGroup;
			children = (
				D3E37A15265F431500E751F9 /* TakeIt */,
				D3E37A14265F431500E751F9 /* Products */,
			);
			sourceTree = "<group>";
		};
		D3E37A14265F431500E751F9 /* Products */ = {
			isa = PBXGroup;
			children = (
				D3E37A13265F431500E751F9 /* TakeIt.app */,
			);
			name = Products;
			sourceTree = "<group>";
		};
		D3E37A15265F431500E751F9 /* TakeIt */ = {
			isa = PBXGroup;
			children = (
				D3E37A16265F431500E751F9 /* TakeItApp.swift */,
				D388439A26783475007C5F9D /* Entry */,
				D3BB399726661C3B00E0BF4D /* Statistic */,
				D3E493092664AC4700C52F53 /* Home */,
				D3E37A54265F446100E751F9 /* Login */,
				D3E37A4B265F440D00E751F9 /* Utils */,
				D3E37A53265F445100E751F9 /* Source */,
				D3E37A1F265F431700E751F9 /* Info.plist */,
				D3E37A1C265F431700E751F9 /* Preview Content */,
			);
			path = TakeIt;
			sourceTree = "<group>";
		};
		D3E37A1C265F431700E751F9 /* Preview Content */ = {
			isa = PBXGroup;
			children = (
				D3E37A1D265F431700E751F9 /* Preview Assets.xcassets */,
			);
			path = "Preview Content";
			sourceTree = "<group>";
		};
		D3E37A4B265F440D00E751F9 /* Utils */ = {
			isa = PBXGroup;
			children = (
				D3BB39E52666246F00E0BF4D /* iColor */,
				D3BB39BA2666238900E0BF4D /* iLineChart */,
				D3E37A48265F43DF00E751F9 /* Storage.swift */,
				D3E37A41265F438C00E751F9 /* DataStorage.swift */,
				D3E37A44265F439E00E751F9 /* log.swift */,
				D3BB39862664E9A700E0BF4D /* DateExtension.swift */,
				D35E73DD268381B70023F06E /* Alert+TextField.swift */,
			);
			path = Utils;
			sourceTree = "<group>";
		};
		D3E37A53265F445100E751F9 /* Source */ = {
			isa = PBXGroup;
			children = (
				D3BB398D2665049100E0BF4D /* testdata.txt */,
				D3E37A1A265F431700E751F9 /* Assets.xcassets */,
			);
			path = Source;
			sourceTree = "<group>";
		};
		D3E37A54265F446100E751F9 /* Login */ = {
			isa = PBXGroup;
			children = (
				D3E37A57265F447F00E751F9 /* Controller */,
				D3E37A56265F447B00E751F9 /* View */,
				D3E37A55265F447500E751F9 /* Model */,
			);
			path = Login;
			sourceTree = "<group>";
		};
		D3E37A55265F447500E751F9 /* Model */ = {
			isa = PBXGroup;
			children = (
			);
			path = Model;
			sourceTree = "<group>";
		};
		D3E37A56265F447B00E751F9 /* View */ = {
			isa = PBXGroup;
			children = (
			);
			path = View;
			sourceTree = "<group>";
		};
		D3E37A57265F447F00E751F9 /* Controller */ = {
			isa = PBXGroup;
			children = (
				D3E37A50265F444800E751F9 /* LoginView.swift */,
			);
			path = Controller;
			sourceTree = "<group>";
		};
		D3E493092664AC4700C52F53 /* Home */ = {
			isa = PBXGroup;
			children = (
				D3E4930C2664AC5A00C52F53 /* Model */,
				D3E4930B2664AC5400C52F53 /* Controller */,
				D3E4930A2664AC4E00C52F53 /* View */,
			);
			path = Home;
			sourceTree = "<group>";
		};
		D3E4930A2664AC4E00C52F53 /* View */ = {
			isa = PBXGroup;
			children = (
				D3884397267830D1007C5F9D /* AccountView.swift */,
				D3BB397F2664D93300E0BF4D /* BillCurveView.swift */,
				D35E73D9268378220023F06E /* LedgerSelectView.swift */,
				D315D0FF26860E0700A94D4B /* SwiftUIView.swift */,
				D38843A62678380D007C5F9D /* FrostedGlassView.swift */,
			);
			path = View;
			sourceTree = "<group>";
		};
		D3E4930B2664AC5400C52F53 /* Controller */ = {
			isa = PBXGroup;
			children = (
				D3E37A4D265F443100E751F9 /* HomeView.swift */,
			);
			path = Controller;
			sourceTree = "<group>";
		};
		D3E4930C2664AC5A00C52F53 /* Model */ = {
			isa = PBXGroup;
			children = (
				D3E4930D2664AC6900C52F53 /* Bill.swift */,
			);
			path = Model;
			sourceTree = "<group>";
		};
/* End PBXGroup section */

/* Begin PBXNativeTarget section */
		D3E37A12265F431500E751F9 /* TakeIt */ = {
			isa = PBXNativeTarget;
			buildConfigurationList = D3E37A22265F431700E751F9 /* Build configuration list for PBXNativeTarget "TakeIt" */;
			buildPhases = (
				D3E37A0F265F431500E751F9 /* Sources */,
				D3E37A10265F431500E751F9 /* Frameworks */,
				D3E37A11265F431500E751F9 /* Resources */,
			);
			buildRules = (
			);
			dependencies = (
			);
			name = TakeIt;
			packageProductDependencies = (
			);
			productName = TakeIt;
			productReference = D3E37A13265F431500E751F9 /* TakeIt.app */;
			productType = "com.apple.product-type.application";
		};
/* End PBXNativeTarget section */

/* Begin PBXProject section */
		D3E37A0B265F431500E751F9 /* Project object */ = {
			isa = PBXProject;
			attributes = {
				LastSwiftUpdateCheck = 1240;
				LastUpgradeCheck = 1240;
				TargetAttributes = {
					D3E37A12265F431500E751F9 = {
						CreatedOnToolsVersion = 12.4;
					};
				};
			};
			buildConfigurationList = D3E37A0E265F431500E751F9 /* Build configuration list for PBXProject "TakeIt" */;
			compatibilityVersion = "Xcode 9.3";
			developmentRegion = en;
			hasScannedForEncodings = 0;
			knownRegions = (
				en,
				Base,
			);
			mainGroup = D3E37A0A265F431500E751F9;
			packageReferences = (
			);
			productRefGroup = D3E37A14265F431500E751F9 /* Products */;
			projectDirPath = "";
			projectRoot = "";
			targets = (
				D3E37A12265F431500E751F9 /* TakeIt */,
			);
		};
/* End PBXProject section */

/* Begin PBXResourcesBuildPhase section */
		D3E37A11265F431500E751F9 /* Resources */ = {
			isa = PBXResourcesBuildPhase;
			buildActionMask = 2147483647;
			files = (
				D3E37A1E265F431700E751F9 /* Preview Assets.xcassets in Resources */,
				D3BB398E2665049100E0BF4D /* testdata.txt in Resources */,
				D3E37A1B265F431700E751F9 /* Assets.xcassets in Resources */,
			);
			runOnlyForDeploymentPostprocessing = 0;
		};
/* End PBXResourcesBuildPhase section */

/* Begin PBXSourcesBuildPhase section */
		D3E37A0F265F431500E751F9 /* Sources */ = {
			isa = PBXSourcesBuildPhase;
			buildActionMask = 2147483647;
			files = (
				D38843A026783492007C5F9D /* BillConfig.swift in Sources */,
				D329FB5A266CAF64007817E3 /* ScrollView+PreferenceKey.swift in Sources */,
				D3BB39DC2666238900E0BF4D /* LineView.swift in Sources */,
				D3BB39DA2666238900E0BF4D /* PieChartView.swift in Sources */,
				D35E73DE268381B70023F06E /* Alert+TextField.swift in Sources */,
				D3BB39D72666238900E0BF4D /* PieChartRow.swift in Sources */,
				D3884398267830D1007C5F9D /* AccountView.swift in Sources */,
				D3BB39E12666238900E0BF4D /* MultiLineChartView.swift in Sources */,
				D3E4930E2664AC6900C52F53 /* Bill.swift in Sources */,
				D3BB39D82666238900E0BF4D /* PieChartHelpers.swift in Sources */,
				D3BB39872664E9A700E0BF4D /* DateExtension.swift in Sources */,
				D3BB39E02666238900E0BF4D /* Path+QuadCurve.swift in Sources */,
				D3BB39E22666238900E0BF4D /* Line.swift in Sources */,
				D3BB39D22666238900E0BF4D /* BarChartView.swift in Sources */,
				D38843A72678380D007C5F9D /* FrostedGlassView.swift in Sources */,
				D3BB39D92666238900E0BF4D /* PieChartCell.swift in Sources */,
				D3461F8F26677E0A00FF9847 /* AddBillView.swift in Sources */,
				D315D10026860E0700A94D4B /* SwiftUIView.swift in Sources */,
				D3F1DD9C2671ED4300DDA4F8 /* BlurView.swift in Sources */,
				D315D1062687853000A94D4B /* Ledger.swift in Sources */,
				D3E37A51265F444800E751F9 /* LoginView.swift in Sources */,
				D3F1DD982671C00700DDA4F8 /* CategoryEditView.swift in Sources */,
				D3BB39D52666238900E0BF4D /* BarChartCell.swift in Sources */,
				D3E37A42265F438C00E751F9 /* DataStorage.swift in Sources */,
				D3BB39D32666238900E0BF4D /* BarChartRow.swift in Sources */,
				D3BB39802664D93300E0BF4D /* BillCurveView.swift in Sources */,
				D3E37A45265F439E00E751F9 /* log.swift in Sources */,
				D38843A426783498007C5F9D /* User.swift in Sources */,
				D3BB39DF2666238900E0BF4D /* MagnifierRect.swift in Sources */,
				D35E73DA268378220023F06E /* LedgerSelectView.swift in Sources */,
				D3E37A17265F431500E751F9 /* TakeItApp.swift in Sources */,
				D3BB39DB2666238900E0BF4D /* IndicatorPoint.swift in Sources */,
				D3BB39DE2666238900E0BF4D /* LineChartView.swift in Sources */,
				D3BB39E72666246F00E0BF4D /* iColor.swift in Sources */,
				D3BB39D62666238900E0BF4D /* Helpers.swift in Sources */,
				D315D1032687839B00A94D4B /* UserConfig.swift in Sources */,
				D3A9E315265F4E5200372776 /* EntryView.swift in Sources */,
				D3BB39D12666238900E0BF4D /* LineChart.swift in Sources */,
				D3E37A4E265F443100E751F9 /* HomeView.swift in Sources */,
				D3BB399D26661C5D00E0BF4D /* StatisticView.swift in Sources */,
				D3E37A49265F43DF00E751F9 /* Storage.swift in Sources */,
				D3BB39DD2666238900E0BF4D /* Legend.swift in Sources */,
				D3BB39D42666238900E0BF4D /* LabelView.swift in Sources */,
			);
			runOnlyForDeploymentPostprocessing = 0;
		};
/* End PBXSourcesBuildPhase section */

/* Begin XCBuildConfiguration section */
		D3E37A20265F431700E751F9 /* Debug */ = {
			isa = XCBuildConfiguration;
			buildSettings = {
				ALWAYS_SEARCH_USER_PATHS = NO;
				CLANG_ANALYZER_NONNULL = YES;
				CLANG_ANALYZER_NUMBER_OBJECT_CONVERSION = YES_AGGRESSIVE;
				CLANG_CXX_LANGUAGE_STANDARD = "gnu++14";
				CLANG_CXX_LIBRARY = "libc++";
				CLANG_ENABLE_MODULES = YES;
				CLANG_ENABLE_OBJC_ARC = YES;
				CLANG_ENABLE_OBJC_WEAK = YES;
				CLANG_WARN_BLOCK_CAPTURE_AUTORELEASING = YES;
				CLANG_WARN_BOOL_CONVERSION = YES;
				CLANG_WARN_COMMA = YES;
				CLANG_WARN_CONSTANT_CONVERSION = YES;
				CLANG_WARN_DEPRECATED_OBJC_IMPLEMENTATIONS = YES;
				CLANG_WARN_DIRECT_OBJC_ISA_USAGE = YES_ERROR;
				CLANG_WARN_DOCUMENTATION_COMMENTS = YES;
				CLANG_WARN_EMPTY_BODY = YES;
				CLANG_WARN_ENUM_CONVERSION = YES;
				CLANG_WARN_INFINITE_RECURSION = YES;
				CLANG_WARN_INT_CONVERSION = YES;
				CLANG_WARN_NON_LITERAL_NULL_CONVERSION = YES;
				CLANG_WARN_OBJC_IMPLICIT_RETAIN_SELF = YES;
				CLANG_WARN_OBJC_LITERAL_CONVERSION = YES;
				CLANG_WARN_OBJC_ROOT_CLASS = YES_ERROR;
				CLANG_WARN_QUOTED_INCLUDE_IN_FRAMEWORK_HEADER = YES;
				CLANG_WARN_RANGE_LOOP_ANALYSIS = YES;
				CLANG_WARN_STRICT_PROTOTYPES = YES;
				CLANG_WARN_SUSPICIOUS_MOVE = YES;
				CLANG_WARN_UNGUARDED_AVAILABILITY = YES_AGGRESSIVE;
				CLANG_WARN_UNREACHABLE_CODE = YES;
				CLANG_WARN__DUPLICATE_METHOD_MATCH = YES;
				COPY_PHASE_STRIP = NO;
				DEBUG_INFORMATION_FORMAT = dwarf;
				ENABLE_STRICT_OBJC_MSGSEND = YES;
				ENABLE_TESTABILITY = YES;
				GCC_C_LANGUAGE_STANDARD = gnu11;
				GCC_DYNAMIC_NO_PIC = NO;
				GCC_NO_COMMON_BLOCKS = YES;
				GCC_OPTIMIZATION_LEVEL = 0;
				GCC_PREPROCESSOR_DEFINITIONS = (
					"DEBUG=1",
					"$(inherited)",
				);
				GCC_WARN_64_TO_32_BIT_CONVERSION = YES;
				GCC_WARN_ABOUT_RETURN_TYPE = YES_ERROR;
				GCC_WARN_UNDECLARED_SELECTOR = YES;
				GCC_WARN_UNINITIALIZED_AUTOS = YES_AGGRESSIVE;
				GCC_WARN_UNUSED_FUNCTION = YES;
				GCC_WARN_UNUSED_VARIABLE = YES;
				IPHONEOS_DEPLOYMENT_TARGET = 14.4;
				MTL_ENABLE_DEBUG_INFO = INCLUDE_SOURCE;
				MTL_FAST_MATH = YES;
				ONLY_ACTIVE_ARCH = YES;
				SDKROOT = iphoneos;
				SWIFT_ACTIVE_COMPILATION_CONDITIONS = DEBUG;
				SWIFT_OPTIMIZATION_LEVEL = "-Onone";
			};
			name = Debug;
		};
		D3E37A21265F431700E751F9 /* Release */ = {
			isa = XCBuildConfiguration;
			buildSettings = {
				ALWAYS_SEARCH_USER_PATHS = NO;
				CLANG_ANALYZER_NONNULL = YES;
				CLANG_ANALYZER_NUMBER_OBJECT_CONVERSION = YES_AGGRESSIVE;
				CLANG_CXX_LANGUAGE_STANDARD = "gnu++14";
				CLANG_CXX_LIBRARY = "libc++";
				CLANG_ENABLE_MODULES = YES;
				CLANG_ENABLE_OBJC_ARC = YES;
				CLANG_ENABLE_OBJC_WEAK = YES;
				CLANG_WARN_BLOCK_CAPTURE_AUTORELEASING = YES;
				CLANG_WARN_BOOL_CONVERSION = YES;
				CLANG_WARN_COMMA = YES;
				CLANG_WARN_CONSTANT_CONVERSION = YES;
				CLANG_WARN_DEPRECATED_OBJC_IMPLEMENTATIONS = YES;
				CLANG_WARN_DIRECT_OBJC_ISA_USAGE = YES_ERROR;
				CLANG_WARN_DOCUMENTATION_COMMENTS = YES;
				CLANG_WARN_EMPTY_BODY = YES;
				CLANG_WARN_ENUM_CONVERSION = YES;
				CLANG_WARN_INFINITE_RECURSION = YES;
				CLANG_WARN_INT_CONVERSION = YES;
				CLANG_WARN_NON_LITERAL_NULL_CONVERSION = YES;
				CLANG_WARN_OBJC_IMPLICIT_RETAIN_SELF = YES;
				CLANG_WARN_OBJC_LITERAL_CONVERSION = YES;
				CLANG_WARN_OBJC_ROOT_CLASS = YES_ERROR;
				CLANG_WARN_QUOTED_INCLUDE_IN_FRAMEWORK_HEADER = YES;
				CLANG_WARN_RANGE_LOOP_ANALYSIS = YES;
				CLANG_WARN_STRICT_PROTOTYPES = YES;
				CLANG_WARN_SUSPICIOUS_MOVE = YES;
				CLANG_WARN_UNGUARDED_AVAILABILITY = YES_AGGRESSIVE;
				CLANG_WARN_UNREACHABLE_CODE = YES;
				CLANG_WARN__DUPLICATE_METHOD_MATCH = YES;
				COPY_PHASE_STRIP = NO;
				DEBUG_INFORMATION_FORMAT = "dwarf-with-dsym";
				ENABLE_NS_ASSERTIONS = NO;
				ENABLE_STRICT_OBJC_MSGSEND = YES;
				GCC_C_LANGUAGE_STANDARD = gnu11;
				GCC_NO_COMMON_BLOCKS = YES;
				GCC_WARN_64_TO_32_BIT_CONVERSION = YES;
				GCC_WARN_ABOUT_RETURN_TYPE = YES_ERROR;
				GCC_WARN_UNDECLARED_SELECTOR = YES;
				GCC_WARN_UNINITIALIZED_AUTOS = YES_AGGRESSIVE;
				GCC_WARN_UNUSED_FUNCTION = YES;
				GCC_WARN_UNUSED_VARIABLE = YES;
				IPHONEOS_DEPLOYMENT_TARGET = 14.4;
				MTL_ENABLE_DEBUG_INFO = NO;
				MTL_FAST_MATH = YES;
				SDKROOT = iphoneos;
				SWIFT_COMPILATION_MODE = wholemodule;
				SWIFT_OPTIMIZATION_LEVEL = "-O";
				VALIDATE_PRODUCT = YES;
			};
			name = Release;
		};
		D3E37A23265F431700E751F9 /* Debug */ = {
			isa = XCBuildConfiguration;
			buildSettings = {
				ASSETCATALOG_COMPILER_APPICON_NAME = AppIcon;
				ASSETCATALOG_COMPILER_GLOBAL_ACCENT_COLOR_NAME = AccentColor;
				CODE_SIGN_STYLE = Automatic;
				DEVELOPMENT_ASSET_PATHS = "\"TakeIt/Preview Content\"";
				ENABLE_PREVIEWS = YES;
				INFOPLIST_FILE = TakeIt/Info.plist;
				IPHONEOS_DEPLOYMENT_TARGET = 14.0;
				LD_RUNPATH_SEARCH_PATHS = (
					"$(inherited)",
					"@executable_path/Frameworks",
				);
				PRODUCT_BUNDLE_IDENTIFIER = zzx.TakeIt;
				PRODUCT_NAME = "$(TARGET_NAME)";
				SWIFT_VERSION = 5.0;
				TARGETED_DEVICE_FAMILY = "1,2";
			};
			name = Debug;
		};
		D3E37A24265F431700E751F9 /* Release */ = {
			isa = XCBuildConfiguration;
			buildSettings = {
				ASSETCATALOG_COMPILER_APPICON_NAME = AppIcon;
				ASSETCATALOG_COMPILER_GLOBAL_ACCENT_COLOR_NAME = AccentColor;
				CODE_SIGN_STYLE = Automatic;
				DEVELOPMENT_ASSET_PATHS = "\"TakeIt/Preview Content\"";
				ENABLE_PREVIEWS = YES;
				INFOPLIST_FILE = TakeIt/Info.plist;
				IPHONEOS_DEPLOYMENT_TARGET = 14.0;
				LD_RUNPATH_SEARCH_PATHS = (
					"$(inherited)",
					"@executable_path/Frameworks",
				);
				PRODUCT_BUNDLE_IDENTIFIER = zzx.TakeIt;
				PRODUCT_NAME = "$(TARGET_NAME)";
				SWIFT_VERSION = 5.0;
				TARGETED_DEVICE_FAMILY = "1,2";
			};
			name = Release;
		};
/* End XCBuildConfiguration section */

/* Begin XCConfigurationList section */
		D3E37A0E265F431500E751F9 /* Build configuration list for PBXProject "TakeIt" */ = {
			isa = XCConfigurationList;
			buildConfigurations = (
				D3E37A20265F431700E751F9 /* Debug */,
				D3E37A21265F431700E751F9 /* Release */,
			);
			defaultConfigurationIsVisible = 0;
			defaultConfigurationName = Release;
		};
		D3E37A22265F431700E751F9 /* Build configuration list for PBXNativeTarget "TakeIt" */ = {
			isa = XCConfigurationList;
			buildConfigurations = (
				D3E37A23265F431700E751F9 /* Debug */,
				D3E37A24265F431700E751F9 /* Release */,
			);
			defaultConfigurationIsVisible = 0;
			defaultConfigurationName = Release;
		};
/* End XCConfigurationList section */
	};
	rootObject = D3E37A0B265F431500E751F9 /* Project object */;
}
